// !$*UTF8*$!
{
	archiveVersion = 1;
	classes = {
	};
	objectVersion = 50;
	objects = {

/* Begin PBXBuildFile section */
		671F754823FFB5D500D67175 /* AppDelegate.swift in Sources */ = {isa = PBXBuildFile; fileRef = 671F754723FFB5D500D67175 /* AppDelegate.swift */; };
		671F754A23FFB5D500D67175 /* SceneDelegate.swift in Sources */ = {isa = PBXBuildFile; fileRef = 671F754923FFB5D500D67175 /* SceneDelegate.swift */; };
		671F754C23FFB5D500D67175 /* ViewController.swift in Sources */ = {isa = PBXBuildFile; fileRef = 671F754B23FFB5D500D67175 /* ViewController.swift */; };
		671F754F23FFB5D500D67175 /* Main.storyboard in Resources */ = {isa = PBXBuildFile; fileRef = 671F754D23FFB5D500D67175 /* Main.storyboard */; };
		671F755223FFB5D600D67175 /* CalculatorApp.xcdatamodeld in Sources */ = {isa = PBXBuildFile; fileRef = 671F755023FFB5D600D67175 /* CalculatorApp.xcdatamodeld */; };
		671F755423FFB5D700D67175 /* Assets.xcassets in Resources */ = {isa = PBXBuildFile; fileRef = 671F755323FFB5D700D67175 /* Assets.xcassets */; };
		671F755723FFB5D700D67175 /* LaunchScreen.storyboard in Resources */ = {isa = PBXBuildFile; fileRef = 671F755523FFB5D700D67175 /* LaunchScreen.storyboard */; };
/* End PBXBuildFile section */

/* Begin PBXFileReference section */
		671F754423FFB5D500D67175 /* CalculatorApp2.app */ = {isa = PBXFileReference; explicitFileType = wrapper.application; includeInIndex = 0; path = CalculatorApp2.app; sourceTree = BUILT_PRODUCTS_DIR; };
		671F754723FFB5D500D67175 /* AppDelegate.swift */ = {isa = PBXFileReference; lastKnownFileType = sourcecode.swift; path = AppDelegate.swift; sourceTree = "<group>"; };
		671F754923FFB5D500D67175 /* SceneDelegate.swift */ = {isa = PBXFileReference; lastKnownFileType = sourcecode.swift; path = SceneDelegate.swift; sourceTree = "<group>"; };
		671F754B23FFB5D500D67175 /* ViewController.swift */ = {isa = PBXFileReference; lastKnownFileType = sourcecode.swift; path = ViewController.swift; sourceTree = "<group>"; };
		671F754E23FFB5D500D67175 /* Base */ = {isa = PBXFileReference; lastKnownFileType = file.storyboard; name = Base; path = Base.lproj/Main.storyboard; sourceTree = "<group>"; };
		671F755123FFB5D600D67175 /* CalculatorApp2.xcdatamodel */ = {isa = PBXFileReference; lastKnownFileType = wrapper.xcdatamodel; path = CalculatorApp2.xcdatamodel; sourceTree = "<group>"; };
		671F755323FFB5D700D67175 /* Assets.xcassets */ = {isa = PBXFileReference; lastKnownFileType = folder.assetcatalog; path = Assets.xcassets; sourceTree = "<group>"; };
		671F755623FFB5D700D67175 /* Base */ = {isa = PBXFileReference; lastKnownFileType = file.storyboard; name = Base; path = Base.lproj/LaunchScreen.storyboard; sourceTree = "<group>"; };
		671F755823FFB5D700D67175 /* Info.plist */ = {isa = PBXFileReference; lastKnownFileType = text.plist.xml; path = Info.plist; sourceTree = "<group>"; };
/* End PBXFileReference section */

/* Begin PBXFrameworksBuildPhase section */
		671F754123FFB5D500D67175 /* Frameworks */ = {
			isa = PBXFrameworksBuildPhase;
			buildActionMask = 2147483647;
			files = (
			);
			runOnlyForDeploymentPostprocessing = 0;
		};
/* End PBXFrameworksBuildPhase section */

/* Begin PBXGroup section */
		671F753B23FFB5D500D67175 = {
			isa = PBXGroup;
			children = (
				671F754623FFB5D500D67175 /* CalculatorApp2 */,
				671F754523FFB5D500D67175 /* Products */,
			);
			sourceTree = "<group>";
		};
		671F754523FFB5D500D67175 /* Products */ = {
			isa = PBXGroup;
			children = (
				671F754423FFB5D500D67175 /* CalculatorApp2.app */,
			);
			name = Products;
			sourceTree = "<group>";
		};
		671F754623FFB5D500D67175 /* CalculatorApp2 */ = {
			isa = PBXGroup;
			children = (
				671F754723FFB5D500D67175 /* AppDelegate.swift */,
				671F754923FFB5D500D67175 /* SceneDelegate.swift */,
				671F754B23FFB5D500D67175 /* ViewController.swift */,
				671F754D23FFB5D500D67175 /* Main.storyboard */,
				671F755323FFB5D700D67175 /* Assets.xcassets */,
				671F755523FFB5D700D67175 /* LaunchScreen.storyboard */,
				671F755823FFB5D700D67175 /* Info.plist */,
				671F755023FFB5D600D67175 /* CalculatorApp.xcdatamodeld */,
			);
			path = CalculatorApp2;
			sourceTree = "<group>";
		};
/* End PBXGroup section */

/* Begin PBXNativeTarget section */
		671F754323FFB5D500D67175 /* CalculatorApp2 */ = {
			isa = PBXNativeTarget;
			buildConfigurationList = 671F755B23FFB5D700D67175 /* Build configuration list for PBXNativeTarget "CalculatorApp2" */;
			buildPhases = (
				671F754023FFB5D500D67175 /* Sources */,
				671F754123FFB5D500D67175 /* Frameworks */,
				671F754223FFB5D500D67175 /* Resources */,
			);
			buildRules = (
			);
			dependencies = (
			);
			name = CalculatorApp2;
			productName = CalculatorApp2;
			productReference = 671F754423FFB5D500D67175 /* CalculatorApp2.app */;
			productType = "com.apple.product-type.application";
		};
/* End PBXNativeTarget section */

/* Begin PBXProject section */
		671F753C23FFB5D500D67175 /* Project object */ = {
			isa = PBXProject;
			attributes = {
				LastSwiftUpdateCheck = 1110;
				LastUpgradeCheck = 1110;
				ORGANIZATIONNAME = "Tuomas Käyhty";
				TargetAttributes = {
					671F754323FFB5D500D67175 = {
						CreatedOnToolsVersion = 11.1;
					};
				};
			};
			buildConfigurationList = 671F753F23FFB5D500D67175 /* Build configuration list for PBXProject "CalculatorApp2" */;
			compatibilityVersion = "Xcode 9.3";
			developmentRegion = en;
			hasScannedForEncodings = 0;
			knownRegions = (
				en,
				Base,
			);
			mainGroup = 671F753B23FFB5D500D67175;
			productRefGroup = 671F754523FFB5D500D67175 /* Products */;
			projectDirPath = "";
			projectRoot = "";
			targets = (
				671F754323FFB5D500D67175 /* CalculatorApp2 */,
			);
		};
/* End PBXProject section */

/* Begin PBXResourcesBuildPhase section */
		671F754223FFB5D500D67175 /* Resources */ = {
			isa = PBXResourcesBuildPhase;
			buildActionMask = 2147483647;
			files = (
				671F755723FFB5D700D67175 /* LaunchScreen.storyboard in Resources */,
				671F755423FFB5D700D67175 /* Assets.xcassets in Resources */,
				671F754F23FFB5D500D67175 /* Main.storyboard in Resources */,
			);
			runOnlyForDeploymentPostprocessing = 0;
		};
/* End PBXResourcesBuildPhase section */

/* Begin PBXSourcesBuildPhase section */
		671F754023FFB5D500D67175 /* Sources */ = {
			isa = PBXSourcesBuildPhase;
			buildActionMask = 2147483647;
			files = (
				671F755223FFB5D600D67175 /* CalculatorApp.xcdatamodeld in Sources */,
				671F754C23FFB5D500D67175 /* ViewController.swift in Sources */,
				671F754823FFB5D500D67175 /* AppDelegate.swift in Sources */,
				671F754A23FFB5D500D67175 /* SceneDelegate.swift in Sources */,
			);
			runOnlyForDeploymentPostprocessing = 0;
		};
/* End PBXSourcesBuildPhase section */

/* Begin PBXVariantGroup section */
		671F754D23FFB5D500D67175 /* Main.storyboard */ = {
			isa = PBXVariantGroup;
			children = (
				671F754E23FFB5D500D67175 /* Base */,
			);
			name = Main.storyboard;
			sourceTree = "<group>";
		};
		671F755523FFB5D700D67175 /* LaunchScreen.storyboard */ = {
			isa = PBXVariantGroup;
			children = (
				671F755623FFB5D700D67175 /* Base */,
			);
			name = LaunchScreen.storyboard;
			sourceTree = "<group>";
		};
/* End PBXVariantGroup section */

/* Begin XCBuildConfiguration section */
		671F755923FFB5D700D67175 /* Debug */ = {
			isa = XCBuildConfiguration;
			buildSettings = {
				ALWAYS_SEARCH_USER_PATHS = NO;
				CLANG_ANALYZER_NONNULL = YES;
				CLANG_ANALYZER_NUMBER_OBJECT_CONVERSION = YES_AGGRESSIVE;
				CLANG_CXX_LANGUAGE_STANDARD = "gnu++14";
				CLANG_CXX_LIBRARY = "libc++";
				CLANG_ENABLE_MODULES = YES;
				CLANG_ENABLE_OBJC_ARC = YES;
				CLANG_ENABLE_OBJC_WEAK = YES;
				CLANG_WARN_BLOCK_CAPTURE_AUTORELEASING = YES;
				CLANG_WARN_BOOL_CONVERSION = YES;
				CLANG_WARN_COMMA = YES;
				CLANG_WARN_CONSTANT_CONVERSION = YES;
				CLANG_WARN_DEPRECATED_OBJC_IMPLEMENTATIONS = YES;
				CLANG_WARN_DIRECT_OBJC_ISA_USAGE = YES_ERROR;
				CLANG_WARN_DOCUMENTATION_COMMENTS = YES;
				CLANG_WARN_EMPTY_BODY = YES;
				CLANG_WARN_ENUM_CONVERSION = YES;
				CLANG_WARN_INFINITE_RECURSION = YES;
				CLANG_WARN_INT_CONVERSION = YES;
				CLANG_WARN_NON_LITERAL_NULL_CONVERSION = YES;
				CLANG_WARN_OBJC_IMPLICIT_RETAIN_SELF = YES;
				CLANG_WARN_OBJC_LITERAL_CONVERSION = YES;
				CLANG_WARN_OBJC_ROOT_CLASS = YES_ERROR;
				CLANG_WARN_RANGE_LOOP_ANALYSIS = YES;
				CLANG_WARN_STRICT_PROTOTYPES = YES;
				CLANG_WARN_SUSPICIOUS_MOVE = YES;
				CLANG_WARN_UNGUARDED_AVAILABILITY = YES_AGGRESSIVE;
				CLANG_WARN_UNREACHABLE_CODE = YES;
				CLANG_WARN__DUPLICATE_METHOD_MATCH = YES;
				COPY_PHASE_STRIP = NO;
				DEBUG_INFORMATION_FORMAT = dwarf;
				ENABLE_STRICT_OBJC_MSGSEND = YES;
				ENABLE_TESTABILITY = YES;
				GCC_C_LANGUAGE_STANDARD = gnu11;
				GCC_DYNAMIC_NO_PIC = NO;
				GCC_NO_COMMON_BLOCKS = YES;
				GCC_OPTIMIZATION_LEVEL = 0;
				GCC_PREPROCESSOR_DEFINITIONS = (
					"DEBUG=1",
					"$(inherited)",
				);
				GCC_WARN_64_TO_32_BIT_CONVERSION = YES;
				GCC_WARN_ABOUT_RETURN_TYPE = YES_ERROR;
				GCC_WARN_UNDECLARED_SELECTOR = YES;
				GCC_WARN_UNINITIALIZED_AUTOS = YES_AGGRESSIVE;
				GCC_WARN_UNUSED_FUNCTION = YES;
				GCC_WARN_UNUSED_VARIABLE = YES;
				IPHONEOS_DEPLOYMENT_TARGET = 13.1;
				MTL_ENABLE_DEBUG_INFO = INCLUDE_SOURCE;
				MTL_FAST_MATH = YES;
				ONLY_ACTIVE_ARCH = YES;
				SDKROOT = iphoneos;
				SWIFT_ACTIVE_COMPILATION_CONDITIONS = DEBUG;
				SWIFT_OPTIMIZATION_LEVEL = "-Onone";
			};
			name = Debug;
		};
		671F755A23FFB5D700D67175 /* Release */ = {
			isa = XCBuildConfiguration;
			buildSettings = {
				ALWAYS_SEARCH_USER_PATHS = NO;
				CLANG_ANALYZER_NONNULL = YES;
				CLANG_ANALYZER_NUMBER_OBJECT_CONVERSION = YES_AGGRESSIVE;
				CLANG_CXX_LANGUAGE_STANDARD = "gnu++14";
				CLANG_CXX_LIBRARY = "libc++";
				CLANG_ENABLE_MODULES = YES;
				CLANG_ENABLE_OBJC_ARC = YES;
				CLANG_ENABLE_OBJC_WEAK = YES;
				CLANG_WARN_BLOCK_CAPTURE_AUTORELEASING = YES;
				CLANG_WARN_BOOL_CONVERSION = YES;
				CLANG_WARN_COMMA = YES;
				CLANG_WARN_CONSTANT_CONVERSION = YES;
				CLANG_WARN_DEPRECATED_OBJC_IMPLEMENTATIONS = YES;
				CLANG_WARN_DIRECT_OBJC_ISA_USAGE = YES_ERROR;
				CLANG_WARN_DOCUMENTATION_COMMENTS = YES;
				CLANG_WARN_EMPTY_BODY = YES;
				CLANG_WARN_ENUM_CONVERSION = YES;
				CLANG_WARN_INFINITE_RECURSION = YES;
				CLANG_WARN_INT_CONVERSION = YES;
				CLANG_WARN_NON_LITERAL_NULL_CONVERSION = YES;
				CLANG_WARN_OBJC_IMPLICIT_RETAIN_SELF = YES;
				CLANG_WARN_OBJC_LITERAL_CONVERSION = YES;
				CLANG_WARN_OBJC_ROOT_CLASS = YES_ERROR;
				CLANG_WARN_RANGE_LOOP_ANALYSIS = YES;
				CLANG_WARN_STRICT_PROTOTYPES = YES;
				CLANG_WARN_SUSPICIOUS_MOVE = YES;
				CLANG_WARN_UNGUARDED_AVAILABILITY = YES_AGGRESSIVE;
				CLANG_WARN_UNREACHABLE_CODE = YES;
				CLANG_WARN__DUPLICATE_METHOD_MATCH = YES;
				COPY_PHASE_STRIP = NO;
				DEBUG_INFORMATION_FORMAT = "dwarf-with-dsym";
				ENABLE_NS_ASSERTIONS = NO;
				ENABLE_STRICT_OBJC_MSGSEND = YES;
				GCC_C_LANGUAGE_STANDARD = gnu11;
				GCC_NO_COMMON_BLOCKS = YES;
				GCC_WARN_64_TO_32_BIT_CONVERSION = YES;
				GCC_WARN_ABOUT_RETURN_TYPE = YES_ERROR;
				GCC_WARN_UNDECLARED_SELECTOR = YES;
				GCC_WARN_UNINITIALIZED_AUTOS = YES_AGGRESSIVE;
				GCC_WARN_UNUSED_FUNCTION = YES;
				GCC_WARN_UNUSED_VARIABLE = YES;
				IPHONEOS_DEPLOYMENT_TARGET = 13.1;
				MTL_ENABLE_DEBUG_INFO = NO;
				MTL_FAST_MATH = YES;
				SDKROOT = iphoneos;
				SWIFT_COMPILATION_MODE = wholemodule;
				SWIFT_OPTIMIZATION_LEVEL = "-O";
				VALIDATE_PRODUCT = YES;
			};
			name = Release;
		};
		671F755C23FFB5D700D67175 /* Debug */ = {
			isa = XCBuildConfiguration;
			buildSettings = {
				ASSETCATALOG_COMPILER_APPICON_NAME = AppIcon;
				CODE_SIGN_STYLE = Automatic;
				INFOPLIST_FILE = CalculatorApp2/Info.plist;
				LD_RUNPATH_SEARCH_PATHS = (
					"$(inherited)",
					"@executable_path/Frameworks",
				);
				PRODUCT_BUNDLE_IDENTIFIER = com.lab.fi.CalculatorApp2;
				PRODUCT_NAME = "$(TARGET_NAME)";
				SWIFT_VERSION = 5.0;
				TARGETED_DEVICE_FAMILY = "1,2";
			};
			name = Debug;
		};
		671F755D23FFB5D700D67175 /* Release */ = {
			isa = XCBuildConfiguration;
			buildSettings = {
				ASSETCATALOG_COMPILER_APPICON_NAME = AppIcon;
				CODE_SIGN_STYLE = Automatic;
				INFOPLIST_FILE = CalculatorApp2/Info.plist;
				LD_RUNPATH_SEARCH_PATHS = (
					"$(inherited)",
					"@executable_path/Frameworks",
				);
				PRODUCT_BUNDLE_IDENTIFIER = com.lab.fi.CalculatorApp2;
				PRODUCT_NAME = "$(TARGET_NAME)";
				SWIFT_VERSION = 5.0;
				TARGETED_DEVICE_FAMILY = "1,2";
			};
			name = Release;
		};
/* End XCBuildConfiguration section */

/* Begin XCConfigurationList section */
		671F753F23FFB5D500D67175 /* Build configuration list for PBXProject "CalculatorApp2" */ = {
			isa = XCConfigurationList;
			buildConfigurations = (
				671F755923FFB5D700D67175 /* Debug */,
				671F755A23FFB5D700D67175 /* Release */,
			);
			defaultConfigurationIsVisible = 0;
			defaultConfigurationName = Release;
		};
		671F755B23FFB5D700D67175 /* Build configuration list for PBXNativeTarget "CalculatorApp2" */ = {
			isa = XCConfigurationList;
			buildConfigurations = (
				671F755C23FFB5D700D67175 /* Debug */,
				671F755D23FFB5D700D67175 /* Release */,
			);
			defaultConfigurationIsVisible = 0;
			defaultConfigurationName = Release;
		};
/* End XCConfigurationList section */

/* Begin XCVersionGroup section */
		671F755023FFB5D600D67175 /* CalculatorApp.xcdatamodeld */ = {
			isa = XCVersionGroup;
			children = (
				671F755123FFB5D600D67175 /* CalculatorApp2.xcdatamodel */,
			);
			currentVersion = 671F755123FFB5D600D67175 /* CalculatorApp2.xcdatamodel */;
			path = CalculatorApp.xcdatamodeld;
			sourceTree = "<group>";
			versionGroupType = wrapper.xcdatamodel;
		};
/* End XCVersionGroup section */
	};
	rootObject = 671F753C23FFB5D500D67175 /* Project object */;
}
